<?xml version="1.0" encoding="utf-8"?>
<Project ToolsVersion="4.0" xmlns="http://schemas.microsoft.com/developer/msbuild/2003">
  <ItemGroup>
    <ClCompile Include="App.cpp" />
    <ClCompile Include="main.cpp" />
    <ClCompile Include="SDLEvent.cpp" />
    <ClCompile Include="TimeManager.cpp" />
    <ClCompile Include="stb_image.c" />
    <ClCompile Include="PlayerShip.cpp">
      <Filter>WorkZone\Source</Filter>
    </ClCompile>
    <ClCompile Include="vector2.cpp">
      <Filter>WorkZone\Source</Filter>
    </ClCompile>
    <ClCompile Include="vector3.cpp">
      <Filter>WorkZone\Source</Filter>
    </ClCompile>
    <ClCompile Include="vector4.cpp">
      <Filter>WorkZone\Source</Filter>
    </ClCompile>
    <ClCompile Include="Color.cpp">
      <Filter>WorkZone\Source</Filter>
    </ClCompile>
    <ClCompile Include="MathUtilities.cpp">
      <Filter>WorkZone\Source</Filter>
    </ClCompile>
    <ClCompile Include="EnemyAsteroid.cpp">
      <Filter>WorkZone\Source</Filter>
    </ClCompile>
    <ClCompile Include="Entity.cpp">
      <Filter>WorkZone\Source</Filter>
    </ClCompile>
  </ItemGroup>
  <ItemGroup>
    <ClInclude Include="App.hpp" />
    <ClInclude Include="SDLEvent.hpp" />
    <ClInclude Include="TimeManager.hpp" />
    <ClInclude Include="PlayerShip.h">
      <Filter>WorkZone\Headers</Filter>
    </ClInclude>
    <ClInclude Include="vector2.h">
      <Filter>WorkZone\Headers</Filter>
    </ClInclude>
    <ClInclude Include="vector3.h">
      <Filter>WorkZone\Headers</Filter>
    </ClInclude>
    <ClInclude Include="vector4.h">
      <Filter>WorkZone\Headers</Filter>
    </ClInclude>
    <ClInclude Include="Color.h">
      <Filter>WorkZone\Headers</Filter>
    </ClInclude>
    <ClInclude Include="MathUtilities.h">
      <Filter>WorkZone\Headers</Filter>
    </ClInclude>
    <ClInclude Include="EnemyAsteroid.h">
      <Filter>WorkZone\Headers</Filter>
    </ClInclude>
    <ClInclude Include="Entity.h">
      <Filter>WorkZone\Headers</Filter>
    </ClInclude>
  </ItemGroup>
  <ItemGroup>
    <Filter Include="Engine">
      <UniqueIdentifier>{6f9fb37f-e47b-46c3-8209-dbf486018555}</UniqueIdentifier>
    </Filter>
    <Filter Include="Engine\Source files">
      <UniqueIdentifier>{0a3ec513-922c-4b14-83e3-98e1934fea74}</UniqueIdentifier>
    </Filter>
    <Filter Include="Engine\Header files">
      <UniqueIdentifier>{da8cc683-e66e-46b9-be58-7d0e16e23f76}</UniqueIdentifier>
    </Filter>
    <Filter Include="WorkZone">
      <UniqueIdentifier>{8bfe91d3-7a57-40bd-be43-4bbdee46253a}</UniqueIdentifier>
    </Filter>
    <Filter Include="WorkZone\Source">
      <UniqueIdentifier>{c7cebda7-265c-4635-b963-2c6c3e23e85d}</UniqueIdentifier>
    </Filter>
    <Filter Include="WorkZone\Headers">
      <UniqueIdentifier>{bf679198-19b8-4eb1-9495-68a4e1ce2aa9}</UniqueIdentifier>
    </Filter>
  </ItemGroup>
</Project>